
Microsoft Visual Studio Solution File, Format Version 12.00
# Visual Studio Version 17
VisualStudioVersion = 17.13.35931.197 d17.13
MinimumVisualStudioVersion = 10.0.40219.1
Project("{FAE04EC0-301F-11D3-BF4B-00C04F79EFBC}") = "User Agent Generator", "User Agent Generator\User Agent Generator.csproj", "{4C03C36A-E6F0-4696-8C72-3CA008EEE14B}"
EndProject
Global
	GlobalSection(SolutionConfigurationPlatforms) = preSolution
		Debug|Any CPU = Debug|Any CPU
		Release|Any CPU = Release|Any CPU
	EndGlobalSection
	GlobalSection(ProjectConfigurationPlatforms) = postSolution
		{4C03C36A-E6F0-4696-8C72-3CA008EEE14B}.Debug|Any CPU.ActiveCfg = Debug|Any CPU
		{4C03C36A-E6F0-4696-8C72-3CA008EEE14B}.Debug|Any CPU.Build.0 = Debug|Any CPU
		{4C03C36A-E6F0-4696-8C72-3CA008EEE14B}.Release|Any CPU.ActiveCfg = Release|Any CPU
		{4C03C36A-E6F0-4696-8C72-3CA008EEE14B}.Release|Any CPU.Build.0 = Release|Any CPU
	EndGlobalSection
	GlobalSection(SolutionProperties) = preSolution
		HideSolutionNode = FALSE
	EndGlobalSection
	GlobalSection(ExtensibilityGlobals) = postSolution
		SolutionGuid = {5CCA817A-2367-4948-A17B-5FAA792E4BCC}
	EndGlobalSection
EndGlobal
